
Microsoft Visual Studio Solution File, Format Version 12.00
# Visual Studio Version 16
VisualStudioVersion = 16.0.30114.105
MinimumVisualStudioVersion = 10.0.40219.1
Project("{FAE04EC0-301F-11D3-BF4B-00C04F79EFBC}") = "Logbook 1", "Logbook 1\Logbook 1.csproj", "{2D35136E-6316-462B-A0D1-4334EC9334ED}"
EndProject
Project("{FAE04EC0-301F-11D3-BF4B-00C04F79EFBC}") = "Logbook 2", "Logbook 2\Logbook 2.csproj", "{41F04070-079D-4861-BA28-ACCD5A3088B8}"
EndProject
Project("{FAE04EC0-301F-11D3-BF4B-00C04F79EFBC}") = "Logbook 3", "Logbook 3\Logbook 3.csproj", "{B7AC06D5-CC66-4261-9475-036B79E44C47}"
EndProject
Project("{FAE04EC0-301F-11D3-BF4B-00C04F79EFBC}") = "Logbook 5", "Logbook 5\Logbook 5.csproj", "{98CE403D-7CB6-43AC-9A16-F826F7F0BE42}"
EndProject
Global
	GlobalSection(SolutionConfigurationPlatforms) = preSolution
		Debug|Any CPU = Debug|Any CPU
		Release|Any CPU = Release|Any CPU
	EndGlobalSection
	GlobalSection(SolutionProperties) = preSolution
		HideSolutionNode = FALSE
	EndGlobalSection
	GlobalSection(ProjectConfigurationPlatforms) = postSolution
		{2D35136E-6316-462B-A0D1-4334EC9334ED}.Debug|Any CPU.ActiveCfg = Debug|Any CPU
		{2D35136E-6316-462B-A0D1-4334EC9334ED}.Debug|Any CPU.Build.0 = Debug|Any CPU
		{2D35136E-6316-462B-A0D1-4334EC9334ED}.Release|Any CPU.ActiveCfg = Release|Any CPU
		{2D35136E-6316-462B-A0D1-4334EC9334ED}.Release|Any CPU.Build.0 = Release|Any CPU
		{41F04070-079D-4861-BA28-ACCD5A3088B8}.Debug|Any CPU.ActiveCfg = Debug|Any CPU
		{41F04070-079D-4861-BA28-ACCD5A3088B8}.Debug|Any CPU.Build.0 = Debug|Any CPU
		{41F04070-079D-4861-BA28-ACCD5A3088B8}.Release|Any CPU.ActiveCfg = Release|Any CPU
		{41F04070-079D-4861-BA28-ACCD5A3088B8}.Release|Any CPU.Build.0 = Release|Any CPU
		{B7AC06D5-CC66-4261-9475-036B79E44C47}.Debug|Any CPU.ActiveCfg = Debug|Any CPU
		{B7AC06D5-CC66-4261-9475-036B79E44C47}.Debug|Any CPU.Build.0 = Debug|Any CPU
		{B7AC06D5-CC66-4261-9475-036B79E44C47}.Release|Any CPU.ActiveCfg = Release|Any CPU
		{B7AC06D5-CC66-4261-9475-036B79E44C47}.Release|Any CPU.Build.0 = Release|Any CPU
		{98CE403D-7CB6-43AC-9A16-F826F7F0BE42}.Debug|Any CPU.ActiveCfg = Debug|Any CPU
		{98CE403D-7CB6-43AC-9A16-F826F7F0BE42}.Debug|Any CPU.Build.0 = Debug|Any CPU
		{98CE403D-7CB6-43AC-9A16-F826F7F0BE42}.Release|Any CPU.ActiveCfg = Release|Any CPU
		{98CE403D-7CB6-43AC-9A16-F826F7F0BE42}.Release|Any CPU.Build.0 = Release|Any CPU
	EndGlobalSection
EndGlobal
